{
    "_readme": [
        "This file locks the dependencies of your project to a known state",
        "Read more about it at https://getcomposer.org/doc/01-basic-usage.md#installing-dependencies",
        "This file is @generated automatically"
    ],
    "content-hash": "8c1521e5287aec6bff8639fd2a7ad636",
    "packages": [
        {
            "name": "guzzlehttp/guzzle",
            "version": "7.9.2",
            "source": {
                "type": "git",
                "url": "https://github.com/guzzle/guzzle.git",
                "reference": "d281ed313b989f213357e3be1a179f02196ac99b"
            },
            "dist": {
                "type": "zip",
                "url": "https://api.github.com/repos/guzzle/guzzle/zipball/d281ed313b989f213357e3be1a179f02196ac99b",
                "reference": "d281ed313b989f213357e3be1a179f02196ac99b",
                "shasum": ""
            },
            "require": {
                "ext-json": "*",
                "guzzlehttp/promises": "^1.5.3 || ^2.0.3",
                "guzzlehttp/psr7": "^2.7.0",
                "php": "^7.2.5 || ^8.0",
                "psr/http-client": "^1.0",
                "symfony/deprecation-contracts": "^2.2 || ^3.0"
            },
            "provide": {
                "psr/http-client-implementation": "1.0"
            },
            "require-dev": {
                "bamarni/composer-bin-plugin": "^1.8.2",
                "ext-curl": "*",
                "guzzle/client-integration-tests": "3.0.2",
                "php-http/message-factory": "^1.1",
                "phpunit/phpunit": "^8.5.39 || ^9.6.20",
                "psr/log": "^1.1 || ^2.0 || ^3.0"
            },
            "suggest": {
                "ext-curl": "Required for CURL handler support",
                "ext-intl": "Required for Internationalized Domain Name (IDN) support",
                "psr/log": "Required for using the Log middleware"
            },
            "type": "library",
            "extra": {
                "bamarni-bin": {
                    "bin-links": true,
                    "forward-command": false
                }
            },
            "autoload": {
                "files": [
                    "src/functions_include.php"
                ],
                "psr-4": {
                    "GuzzleHttp\\": "src/"
                }
            },
            "notification-url": "https://packagist.org/downloads/",
            "license": [
                "MIT"
            ],
            "authors": [
                {
                    "name": "Graham Campbell",
                    "email": "hello@gjcampbell.co.uk",
                    "homepage": "https://github.com/GrahamCampbell"
                },
                {
                    "name": "Michael Dowling",
                    "email": "mtdowling@gmail.com",
                    "homepage": "https://github.com/mtdowling"
                },
                {
                    "name": "Jeremy Lindblom",
                    "email": "jeremeamia@gmail.com",
                    "homepage": "https://github.com/jeremeamia"
                },
                {
                    "name": "George Mponos",
                    "email": "gmponos@gmail.com",
                    "homepage": "https://github.com/gmponos"
                },
                {
                    "name": "Tobias Nyholm",
                    "email": "tobias.nyholm@gmail.com",
                    "homepage": "https://github.com/Nyholm"
                },
                {
                    "name": "Márk Sági-Kazár",
                    "email": "mark.sagikazar@gmail.com",
                    "homepage": "https://github.com/sagikazarmark"
                },
                {
                    "name": "Tobias Schultze",
                    "email": "webmaster@tubo-world.de",
                    "homepage": "https://github.com/Tobion"
                }
            ],
            "description": "Guzzle is a PHP HTTP client library",
            "keywords": [
                "client",
                "curl",
                "framework",
                "http",
                "http client",
                "psr-18",
                "psr-7",
                "rest",
                "web service"
            ],
            "support": {
                "issues": "https://github.com/guzzle/guzzle/issues",
                "source": "https://github.com/guzzle/guzzle/tree/7.9.2"
            },
            "funding": [
                {
                    "url": "https://github.com/GrahamCampbell",
                    "type": "github"
                },
                {
                    "url": "https://github.com/Nyholm",
                    "type": "github"
                },
                {
                    "url": "https://tidelift.com/funding/github/packagist/guzzlehttp/guzzle",
                    "type": "tidelift"
                }
            ],
            "time": "2024-07-24T11:22:20+00:00"
        },
        {
            "name": "guzzlehttp/promises",
            "version": "2.0.4",
            "source": {
                "type": "git",
                "url": "https://github.com/guzzle/promises.git",
                "reference": "f9c436286ab2892c7db7be8c8da4ef61ccf7b455"
            },
            "dist": {
                "type": "zip",
                "url": "https://api.github.com/repos/guzzle/promises/zipball/f9c436286ab2892c7db7be8c8da4ef61ccf7b455",
                "reference": "f9c436286ab2892c7db7be8c8da4ef61ccf7b455",
                "shasum": ""
            },
            "require": {
                "php": "^7.2.5 || ^8.0"
            },
            "require-dev": {
                "bamarni/composer-bin-plugin": "^1.8.2",
                "phpunit/phpunit": "^8.5.39 || ^9.6.20"
            },
            "type": "library",
            "extra": {
                "bamarni-bin": {
                    "bin-links": true,
                    "forward-command": false
                }
            },
            "autoload": {
                "psr-4": {
                    "GuzzleHttp\\Promise\\": "src/"
                }
            },
            "notification-url": "https://packagist.org/downloads/",
            "license": [
                "MIT"
            ],
            "authors": [
                {
                    "name": "Graham Campbell",
                    "email": "hello@gjcampbell.co.uk",
                    "homepage": "https://github.com/GrahamCampbell"
                },
                {
                    "name": "Michael Dowling",
                    "email": "mtdowling@gmail.com",
                    "homepage": "https://github.com/mtdowling"
                },
                {
                    "name": "Tobias Nyholm",
                    "email": "tobias.nyholm@gmail.com",
                    "homepage": "https://github.com/Nyholm"
                },
                {
                    "name": "Tobias Schultze",
                    "email": "webmaster@tubo-world.de",
                    "homepage": "https://github.com/Tobion"
                }
            ],
            "description": "Guzzle promises library",
            "keywords": [
                "promise"
            ],
            "support": {
                "issues": "https://github.com/guzzle/promises/issues",
                "source": "https://github.com/guzzle/promises/tree/2.0.4"
            },
            "funding": [
                {
                    "url": "https://github.com/GrahamCampbell",
                    "type": "github"
                },
                {
                    "url": "https://github.com/Nyholm",
                    "type": "github"
                },
                {
                    "url": "https://tidelift.com/funding/github/packagist/guzzlehttp/promises",
                    "type": "tidelift"
                }
            ],
            "time": "2024-10-17T10:06:22+00:00"
        },
        {
            "name": "guzzlehttp/psr7",
            "version": "2.7.0",
            "source": {
                "type": "git",
                "url": "https://github.com/guzzle/psr7.git",
                "reference": "a70f5c95fb43bc83f07c9c948baa0dc1829bf201"
            },
            "dist": {
                "type": "zip",
                "url": "https://api.github.com/repos/guzzle/psr7/zipball/a70f5c95fb43bc83f07c9c948baa0dc1829bf201",
                "reference": "a70f5c95fb43bc83f07c9c948baa0dc1829bf201",
                "shasum": ""
            },
            "require": {
                "php": "^7.2.5 || ^8.0",
                "psr/http-factory": "^1.0",
                "psr/http-message": "^1.1 || ^2.0",
                "ralouphie/getallheaders": "^3.0"
            },
            "provide": {
                "psr/http-factory-implementation": "1.0",
                "psr/http-message-implementation": "1.0"
            },
            "require-dev": {
                "bamarni/composer-bin-plugin": "^1.8.2",
                "http-interop/http-factory-tests": "0.9.0",
                "phpunit/phpunit": "^8.5.39 || ^9.6.20"
            },
            "suggest": {
                "laminas/laminas-httphandlerrunner": "Emit PSR-7 responses"
            },
            "type": "library",
            "extra": {
                "bamarni-bin": {
                    "bin-links": true,
                    "forward-command": false
                }
            },
            "autoload": {
                "psr-4": {
                    "GuzzleHttp\\Psr7\\": "src/"
                }
            },
            "notification-url": "https://packagist.org/downloads/",
            "license": [
                "MIT"
            ],
            "authors": [
                {
                    "name": "Graham Campbell",
                    "email": "hello@gjcampbell.co.uk",
                    "homepage": "https://github.com/GrahamCampbell"
                },
                {
                    "name": "Michael Dowling",
                    "email": "mtdowling@gmail.com",
                    "homepage": "https://github.com/mtdowling"
                },
                {
                    "name": "George Mponos",
                    "email": "gmponos@gmail.com",
                    "homepage": "https://github.com/gmponos"
                },
                {
                    "name": "Tobias Nyholm",
                    "email": "tobias.nyholm@gmail.com",
                    "homepage": "https://github.com/Nyholm"
                },
                {
                    "name": "Márk Sági-Kazár",
                    "email": "mark.sagikazar@gmail.com",
                    "homepage": "https://github.com/sagikazarmark"
                },
                {
                    "name": "Tobias Schultze",
                    "email": "webmaster@tubo-world.de",
                    "homepage": "https://github.com/Tobion"
                },
                {
                    "name": "Márk Sági-Kazár",
                    "email": "mark.sagikazar@gmail.com",
                    "homepage": "https://sagikazarmark.hu"
                }
            ],
            "description": "PSR-7 message implementation that also provides common utility methods",
            "keywords": [
                "http",
                "message",
                "psr-7",
                "request",
                "response",
                "stream",
                "uri",
                "url"
            ],
            "support": {
                "issues": "https://github.com/guzzle/psr7/issues",
                "source": "https://github.com/guzzle/psr7/tree/2.7.0"
            },
            "funding": [
                {
                    "url": "https://github.com/GrahamCampbell",
                    "type": "github"
                },
                {
                    "url": "https://github.com/Nyholm",
                    "type": "github"
                },
                {
                    "url": "https://tidelift.com/funding/github/packagist/guzzlehttp/psr7",
                    "type": "tidelift"
                }
            ],
            "time": "2024-07-18T11:15:46+00:00"
        },
        {
            "name": "phpnomad/auth",
            "version": "dev-main",
            "source": {
                "type": "git",
                "url": "https://github.com/phpnomad/auth.git",
                "reference": "8e55d2f101fa505ae04a9524a7cad9c8d57a3756"
            },
            "dist": {
                "type": "zip",
                "url": "https://api.github.com/repos/phpnomad/auth/zipball/8e55d2f101fa505ae04a9524a7cad9c8d57a3756",
                "reference": "8e55d2f101fa505ae04a9524a7cad9c8d57a3756",
                "shasum": ""
            },
            "require": {
                "phpnomad/enum-polyfill": "dev-main",
                "phpnomad/event": "dev-main"
            },
            "require-dev": {
                "phpnomad/tests": "^0.1.0"
            },
            "default-branch": true,
            "type": "library",
            "autoload": {
                "psr-4": {
                    "PHPNomad\\Auth\\": "lib/"
                }
            },
            "autoload-dev": {
                "psr-4": {
                    "PHPNomad\\Auth\\Tests\\": "tests/"
                }
            },
            "scripts": {
                "php-cs-fixer": [
                    "php-cs-fixer fix"
                ]
            },
            "license": [
                "MIT"
            ],
            "authors": [
                {
                    "name": "Alex Standiford",
                    "email": "alex@standiford.us"
                }
            ],
            "homepage": "https://github.com/phpnomad/core",
            "support": {
                "source": "https://github.com/phpnomad/auth/tree/feature/lifterlms-integration",
                "issues": "https://github.com/phpnomad/auth/issues"
            },
            "time": "2024-06-02T13:39:00+00:00"
        },
        {
            "name": "phpnomad/cache",
            "version": "dev-main",
            "source": {
                "type": "git",
                "url": "https://github.com/phpnomad/cache.git",
                "reference": "1e4e436ac4c75c3e07180a188a46d209a53d01b4"
            },
            "dist": {
                "type": "zip",
                "url": "https://api.github.com/repos/phpnomad/cache/zipball/1e4e436ac4c75c3e07180a188a46d209a53d01b4",
                "reference": "1e4e436ac4c75c3e07180a188a46d209a53d01b4",
                "shasum": ""
            },
            "require": {
                "phpnomad/auth": "dev-main",
                "phpnomad/enum-polyfill": "dev-main",
                "phpnomad/logger": "dev-main",
                "phpnomad/utils": "dev-main"
            },
            "require-dev": {
                "phpnomad/tests": "^0.1.0"
            },
            "default-branch": true,
            "type": "library",
            "autoload": {
                "psr-4": {
                    "PHPNomad\\Cache\\": "lib/"
                }
            },
            "autoload-dev": {
                "psr-4": {
                    "PHPNomad\\Cache\\Tests\\": "tests/"
                }
            },
            "scripts": {
                "php-cs-fixer": [
                    "php-cs-fixer fix"
                ]
            },
            "license": [
                "MIT"
            ],
            "authors": [
                {
                    "name": "Alex Standiford",
                    "email": "alex@standiford.us"
                }
            ],
            "homepage": "https://github.com/phpnomad/core",
            "support": {
                "source": "https://github.com/phpnomad/cache/tree/main",
                "issues": "https://github.com/phpnomad/cache/issues"
            },
            "time": "2024-10-28T16:31:25+00:00"
        },
        {
            "name": "phpnomad/di",
            "version": "dev-main",
            "source": {
                "type": "git",
                "url": "https://github.com/phpnomad/di.git",
                "reference": "9b979249e23e2e1bac70a2d6475f9738a6e4e22a"
            },
            "dist": {
                "type": "zip",
                "url": "https://api.github.com/repos/phpnomad/di/zipball/9b979249e23e2e1bac70a2d6475f9738a6e4e22a",
                "reference": "9b979249e23e2e1bac70a2d6475f9738a6e4e22a",
                "shasum": ""
            },
            "require-dev": {
                "phpnomad/tests": "^0.1.0",
                "phpnomad/utils": "dev-main"
            },
            "default-branch": true,
            "type": "library",
            "autoload": {
                "psr-4": {
                    "PHPNomad\\Di\\": "lib/"
                }
            },
            "autoload-dev": {
                "psr-4": {
                    "PHPNomad\\Di\\Tests\\": "tests/"
                }
            },
            "scripts": {
                "php-cs-fixer": [
                    "php-cs-fixer fix"
                ]
            },
            "license": [
                "MIT"
            ],
            "authors": [
                {
                    "name": "Alex Standiford",
                    "email": "alex@standiford.us"
                }
            ],
            "homepage": "https://github.com/phpnomad/core",
            "support": {
                "source": "https://github.com/phpnomad/di/tree/main",
                "issues": "https://github.com/phpnomad/di/issues"
            },
            "time": "2024-08-19T03:14:36+00:00"
        },
        {
            "name": "phpnomad/enum-polyfill",
            "version": "dev-main",
            "source": {
                "type": "git",
                "url": "https://github.com/phpnomad/enum-polyfill.git",
                "reference": "f7b3b300b6d3a533b9c614ec1956f362f1c47780"
            },
            "dist": {
                "type": "zip",
                "url": "https://api.github.com/repos/phpnomad/enum-polyfill/zipball/f7b3b300b6d3a533b9c614ec1956f362f1c47780",
                "reference": "f7b3b300b6d3a533b9c614ec1956f362f1c47780",
                "shasum": ""
            },
            "require": {
                "phpnomad/cache": "dev-main",
                "phpnomad/singleton": "dev-main"
            },
            "require-dev": {
                "phpnomad/tests": "^0.1.0"
            },
            "default-branch": true,
            "type": "library",
            "autoload": {
                "psr-4": {
                    "PHPNomad\\Enum\\": "lib/"
                }
            },
            "autoload-dev": {
                "psr-4": {
                    "PHPNomad\\Enum\\Tests\\": "tests/"
                }
            },
            "scripts": {
                "php-cs-fixer": [
                    "php-cs-fixer fix"
                ]
            },
            "license": [
                "MIT"
            ],
            "authors": [
                {
                    "name": "Alex Standiford",
                    "email": "alex@standiford.us"
                }
            ],
            "homepage": "https://github.com/phpnomad/core",
            "support": {
                "source": "https://github.com/phpnomad/enum-polyfill/tree/feature/lifterlms-integration",
                "issues": "https://github.com/phpnomad/enum-polyfill/issues"
            },
            "time": "2024-02-13T07:32:33+00:00"
        },
        {
            "name": "phpnomad/event",
            "version": "dev-main",
            "source": {
                "type": "git",
                "url": "https://github.com/phpnomad/event.git",
                "reference": "0a4532cb251eb2b5c303b6548d4d169d1eb2ebde"
            },
            "dist": {
                "type": "zip",
                "url": "https://api.github.com/repos/phpnomad/event/zipball/0a4532cb251eb2b5c303b6548d4d169d1eb2ebde",
                "reference": "0a4532cb251eb2b5c303b6548d4d169d1eb2ebde",
                "shasum": ""
            },
            "require-dev": {
                "phpnomad/tests": "^0.1.0"
            },
            "default-branch": true,
            "type": "library",
            "autoload": {
                "psr-4": {
                    "PHPNomad\\Events\\": "lib/"
                }
            },
            "autoload-dev": {
                "psr-4": {
                    "PHPNomad\\Events\\Tests\\": "tests/"
                }
            },
            "scripts": {
                "php-cs-fixer": [
                    "php-cs-fixer fix"
                ]
            },
            "license": [
                "MIT"
            ],
            "authors": [
                {
                    "name": "Alex Standiford",
                    "email": "alex@standiford.us"
                }
            ],
            "homepage": "https://github.com/phpnomad/core",
            "support": {
                "source": "https://github.com/phpnomad/event/tree/feature/lifterlms-integration",
                "issues": "https://github.com/phpnomad/event/issues"
            },
            "time": "2024-01-31T15:48:16+00:00"
        },
        {
            "name": "phpnomad/facade",
            "version": "dev-main",
            "source": {
                "type": "git",
                "url": "https://github.com/phpnomad/facade.git",
                "reference": "d8160e8047fa8061caa54da430c5a2f7afd369b4"
            },
            "dist": {
                "type": "zip",
                "url": "https://api.github.com/repos/phpnomad/facade/zipball/d8160e8047fa8061caa54da430c5a2f7afd369b4",
                "reference": "d8160e8047fa8061caa54da430c5a2f7afd369b4",
                "shasum": ""
            },
            "require-dev": {
                "phpnomad/di": "dev-main",
                "phpnomad/logger": "dev-main",
                "phpnomad/tests": "^0.1.0"
            },
            "default-branch": true,
            "type": "library",
            "autoload": {
                "psr-4": {
                    "PHPNomad\\Facade\\": "lib/"
                }
            },
            "autoload-dev": {
                "psr-4": {
                    "PHPNomad\\Facade\\Tests\\": "tests/"
                }
            },
            "scripts": {
                "php-cs-fixer": [
                    "php-cs-fixer fix"
                ]
            },
            "license": [
                "MIT"
            ],
            "authors": [
                {
                    "name": "Alex Standiford",
                    "email": "alex@standiford.us"
                }
            ],
            "homepage": "https://github.com/phpnomad/core",
            "support": {
                "source": "https://github.com/phpnomad/facade/tree/feature/lifterlms-integration",
                "issues": "https://github.com/phpnomad/facade/issues"
            },
            "time": "2023-10-30T10:56:02+00:00"
        },
        {
            "name": "phpnomad/loader",
            "version": "dev-main",
            "source": {
                "type": "git",
                "url": "https://github.com/phpnomad/loader.git",
                "reference": "dbf83a996836542e9f861545d4f699627bc2d32b"
            },
            "dist": {
                "type": "zip",
                "url": "https://api.github.com/repos/phpnomad/loader/zipball/dbf83a996836542e9f861545d4f699627bc2d32b",
                "reference": "dbf83a996836542e9f861545d4f699627bc2d32b",
                "shasum": ""
            },
            "require": {
                "phpnomad/di": "dev-main",
                "phpnomad/facade": "dev-main",
                "phpnomad/mutator": "dev-main",
                "phpnomad/update": "dev-main",
                "phpnomad/utils": "dev-main"
            },
            "require-dev": {
                "phpnomad/tests": "^0.1.0"
            },
            "default-branch": true,
            "type": "library",
            "autoload": {
                "psr-4": {
                    "PHPNomad\\Loader\\": "lib/"
                }
            },
            "autoload-dev": {
                "psr-4": {
                    "PHPNomad\\Loader\\Tests\\": "tests/"
                }
            },
            "scripts": {
                "php-cs-fixer": [
                    "php-cs-fixer fix"
                ]
            },
            "license": [
                "MIT"
            ],
            "authors": [
                {
                    "name": "Alex Standiford",
                    "email": "alex@standiford.us"
                }
            ],
            "homepage": "https://github.com/phpnomad/core",
            "support": {
                "source": "https://github.com/phpnomad/loader/tree/main",
                "issues": "https://github.com/phpnomad/loader/issues"
            },
            "time": "2024-09-28T16:13:54+00:00"
        },
        {
            "name": "phpnomad/logger",
            "version": "dev-main",
            "source": {
                "type": "git",
                "url": "https://github.com/phpnomad/logger.git",
                "reference": "22d0e67252dbc8339a03e858f0ee9c5f9638decf"
            },
            "dist": {
                "type": "zip",
                "url": "https://api.github.com/repos/phpnomad/logger/zipball/22d0e67252dbc8339a03e858f0ee9c5f9638decf",
                "reference": "22d0e67252dbc8339a03e858f0ee9c5f9638decf",
                "shasum": ""
            },
            "require-dev": {
                "phpnomad/di": "dev-main",
                "phpnomad/facade": "dev-main",
                "phpnomad/singleton": "dev-main",
                "phpnomad/tests": "^0.1.0"
            },
            "default-branch": true,
            "type": "library",
            "autoload": {
                "psr-4": {
                    "PHPNomad\\Logger\\": "lib/"
                }
            },
            "autoload-dev": {
                "psr-4": {
                    "PHPNomad\\Logger\\Tests\\": "tests/"
                }
            },
            "scripts": {
                "php-cs-fixer": [
                    "php-cs-fixer fix"
                ]
            },
            "license": [
                "MIT"
            ],
            "authors": [
                {
                    "name": "Alex Standiford",
                    "email": "alex@standiford.us"
                }
            ],
            "homepage": "https://github.com/phpnomad/core",
            "support": {
                "source": "https://github.com/phpnomad/logger/tree/feature/lifterlms-integration",
                "issues": "https://github.com/phpnomad/logger/issues"
            },
            "time": "2023-10-31T12:30:15+00:00"
        },
        {
            "name": "phpnomad/mutator",
            "version": "dev-main",
            "source": {
                "type": "git",
                "url": "https://github.com/phpnomad/mutator.git",
                "reference": "ff82b88e53ea1e4bb217a7b16c433729d024dec5"
            },
            "dist": {
                "type": "zip",
                "url": "https://api.github.com/repos/phpnomad/mutator/zipball/ff82b88e53ea1e4bb217a7b16c433729d024dec5",
                "reference": "ff82b88e53ea1e4bb217a7b16c433729d024dec5",
                "shasum": ""
            },
            "require-dev": {
                "phoenix/tests": "^0.1.0"
            },
            "default-branch": true,
            "type": "library",
            "autoload": {
                "psr-4": {
                    "PHPNomad\\Mutator\\": "lib/"
                }
            },
            "autoload-dev": {
                "psr-4": {
                    "PHPNomad\\Mutator\\Tests\\": "tests/"
                }
            },
            "scripts": {
                "php-cs-fixer": [
                    "php-cs-fixer fix"
                ]
            },
            "license": [
                "MIT"
            ],
            "authors": [
                {
                    "name": "Alex Standiford",
                    "email": "alex@standiford.us"
                }
            ],
            "homepage": "https://github.com/phoenix/core",
            "support": {
                "source": "https://github.com/phpnomad/mutator/tree/feature/lifterlms-integration",
                "issues": "https://github.com/phpnomad/mutator/issues"
            },
            "time": "2023-11-18T19:10:00+00:00"
        },
        {
            "name": "phpnomad/rest",
            "version": "dev-main",
            "source": {
                "type": "git",
                "url": "https://github.com/phpnomad/rest.git",
                "reference": "b2e1213f443db0a3f0e9f31e6be06ba72fdf330d"
            },
            "dist": {
                "type": "zip",
                "url": "https://api.github.com/repos/phpnomad/rest/zipball/b2e1213f443db0a3f0e9f31e6be06ba72fdf330d",
                "reference": "b2e1213f443db0a3f0e9f31e6be06ba72fdf330d",
                "shasum": ""
            },
            "require": {
                "phpnomad/auth": "dev-main",
                "phpnomad/cache": "dev-main",
                "phpnomad/enum-polyfill": "dev-main",
                "phpnomad/event": "dev-main"
            },
            "require-dev": {
                "phpnomad/tests": "^0.1.0"
            },
            "default-branch": true,
            "type": "library",
            "autoload": {
                "psr-4": {
                    "PHPNomad\\Rest\\": "lib/"
                }
            },
            "autoload-dev": {
                "psr-4": {
                    "PHPNomad\\Rest\\Tests\\": "tests/"
                }
            },
            "scripts": {
                "php-cs-fixer": [
                    "php-cs-fixer fix"
                ]
            },
            "license": [
                "MIT"
            ],
            "authors": [
                {
                    "name": "Alex Standiford",
                    "email": "alex@standiford.us"
                }
            ],
            "homepage": "https://github.com/phpnomad/core",
            "support": {
                "source": "https://github.com/phpnomad/rest/tree/main",
                "issues": "https://github.com/phpnomad/rest/issues"
            },
            "time": "2024-11-09T15:42:19+00:00"
        },
        {
            "name": "phpnomad/singleton",
            "version": "dev-main",
            "source": {
                "type": "git",
                "url": "https://github.com/phpnomad/singleton.git",
                "reference": "416a12395fff1597266cd76a21971f0017c53e07"
            },
            "dist": {
                "type": "zip",
                "url": "https://api.github.com/repos/phpnomad/singleton/zipball/416a12395fff1597266cd76a21971f0017c53e07",
                "reference": "416a12395fff1597266cd76a21971f0017c53e07",
                "shasum": ""
            },
            "require-dev": {
                "phpnomad/tests": "^0.1.0"
            },
            "default-branch": true,
            "type": "library",
            "autoload": {
                "psr-4": {
                    "PHPNomad\\Singleton\\": "lib/"
                }
            },
            "autoload-dev": {
                "psr-4": {
                    "PHPNomad\\Singleton\\Tests\\": "tests/"
                }
            },
            "scripts": {
                "php-cs-fixer": [
                    "php-cs-fixer fix"
                ]
            },
            "license": [
                "MIT"
            ],
            "authors": [
                {
                    "name": "Alex Standiford",
                    "email": "alex@standiford.us"
                }
            ],
            "homepage": "https://github.com/phpnomad/core",
            "support": {
                "source": "https://github.com/phpnomad/singleton/tree/feature/lifterlms-integration",
                "issues": "https://github.com/phpnomad/singleton/issues"
            },
            "time": "2023-10-30T10:55:59+00:00"
        },
        {
            "name": "phpnomad/update",
            "version": "dev-main",
            "source": {
                "type": "git",
                "url": "https://github.com/phpnomad/update.git",
                "reference": "d6065fc52aec9748042e0355f21289c79c540750"
            },
            "dist": {
                "type": "zip",
                "url": "https://api.github.com/repos/phpnomad/update/zipball/d6065fc52aec9748042e0355f21289c79c540750",
                "reference": "d6065fc52aec9748042e0355f21289c79c540750",
                "shasum": ""
            },
            "require": {
                "phpnomad/event": "dev-main"
            },
            "require-dev": {
                "phpnomad/tests": "^0.1.0"
            },
            "default-branch": true,
            "type": "library",
            "autoload": {
                "psr-4": {
                    "PHPNomad\\Update\\": "lib/"
                }
            },
            "autoload-dev": {
                "psr-4": {
                    "PHPNomad\\Update\\Tests\\": "tests/"
                }
            },
            "scripts": {
                "php-cs-fixer": [
                    "php-cs-fixer fix"
                ]
            },
            "license": [
                "MIT"
            ],
            "authors": [
                {
                    "name": "Alex Standiford",
                    "email": "alex@standiford.us"
                }
            ],
            "homepage": "https://github.com/phpnomad/update",
            "support": {
                "source": "https://github.com/phpnomad/update/tree/main",
                "issues": "https://github.com/phpnomad/update/issues"
            },
            "time": "2024-08-17T00:07:07+00:00"
        },
        {
            "name": "phpnomad/utils",
            "version": "dev-main",
            "source": {
                "type": "git",
                "url": "https://github.com/phpnomad/utils.git",
                "reference": "e52c2d9885cc9c9ee052a5c66f9b77589fba911d"
            },
            "dist": {
                "type": "zip",
                "url": "https://api.github.com/repos/phpnomad/utils/zipball/e52c2d9885cc9c9ee052a5c66f9b77589fba911d",
                "reference": "e52c2d9885cc9c9ee052a5c66f9b77589fba911d",
                "shasum": ""
            },
            "require-dev": {
                "phpnomad/tests": "^0.1.0"
            },
            "default-branch": true,
            "type": "library",
            "autoload": {
                "psr-4": {
                    "PHPNomad\\Utils\\": "lib/"
                }
            },
            "autoload-dev": {
                "psr-4": {
                    "PHPNomad\\Utils\\Tests\\": "tests/"
                }
            },
            "scripts": {
                "php-cs-fixer": [
                    "php-cs-fixer fix"
                ]
            },
            "license": [
                "MIT"
            ],
            "authors": [
                {
                    "name": "Alex Standiford",
                    "email": "alex@standiford.us"
                }
            ],
            "homepage": "https://github.com/phpnomad/core",
            "support": {
                "source": "https://github.com/phpnomad/utils/tree/main",
                "issues": "https://github.com/phpnomad/utils/issues"
            },
            "time": "2024-08-19T01:53:35+00:00"
        },
        {
            "name": "psr/http-client",
            "version": "1.0.3",
            "source": {
                "type": "git",
                "url": "https://github.com/php-fig/http-client.git",
                "reference": "bb5906edc1c324c9a05aa0873d40117941e5fa90"
            },
            "dist": {
                "type": "zip",
                "url": "https://api.github.com/repos/php-fig/http-client/zipball/bb5906edc1c324c9a05aa0873d40117941e5fa90",
                "reference": "bb5906edc1c324c9a05aa0873d40117941e5fa90",
                "shasum": ""
            },
            "require": {
                "php": "^7.0 || ^8.0",
                "psr/http-message": "^1.0 || ^2.0"
            },
            "type": "library",
            "extra": {
                "branch-alias": {
                    "dev-master": "1.0.x-dev"
                }
            },
            "autoload": {
                "psr-4": {
                    "Psr\\Http\\Client\\": "src/"
                }
            },
            "notification-url": "https://packagist.org/downloads/",
            "license": [
                "MIT"
            ],
            "authors": [
                {
                    "name": "PHP-FIG",
                    "homepage": "https://www.php-fig.org/"
                }
            ],
            "description": "Common interface for HTTP clients",
            "homepage": "https://github.com/php-fig/http-client",
            "keywords": [
                "http",
                "http-client",
                "psr",
                "psr-18"
            ],
            "support": {
                "source": "https://github.com/php-fig/http-client"
            },
            "time": "2023-09-23T14:17:50+00:00"
        },
        {
            "name": "psr/http-factory",
            "version": "1.1.0",
            "source": {
                "type": "git",
                "url": "https://github.com/php-fig/http-factory.git",
                "reference": "2b4765fddfe3b508ac62f829e852b1501d3f6e8a"
            },
            "dist": {
                "type": "zip",
                "url": "https://api.github.com/repos/php-fig/http-factory/zipball/2b4765fddfe3b508ac62f829e852b1501d3f6e8a",
                "reference": "2b4765fddfe3b508ac62f829e852b1501d3f6e8a",
                "shasum": ""
            },
            "require": {
                "php": ">=7.1",
                "psr/http-message": "^1.0 || ^2.0"
            },
            "type": "library",
            "extra": {
                "branch-alias": {
                    "dev-master": "1.0.x-dev"
                }
            },
            "autoload": {
                "psr-4": {
                    "Psr\\Http\\Message\\": "src/"
                }
            },
            "notification-url": "https://packagist.org/downloads/",
            "license": [
                "MIT"
            ],
            "authors": [
                {
                    "name": "PHP-FIG",
                    "homepage": "https://www.php-fig.org/"
                }
            ],
            "description": "PSR-17: Common interfaces for PSR-7 HTTP message factories",
            "keywords": [
                "factory",
                "http",
                "message",
                "psr",
                "psr-17",
                "psr-7",
                "request",
                "response"
            ],
            "support": {
                "source": "https://github.com/php-fig/http-factory"
            },
            "time": "2024-04-15T12:06:14+00:00"
        },
        {
            "name": "psr/http-message",
            "version": "2.0",
            "source": {
                "type": "git",
                "url": "https://github.com/php-fig/http-message.git",
                "reference": "402d35bcb92c70c026d1a6a9883f06b2ead23d71"
            },
            "dist": {
                "type": "zip",
                "url": "https://api.github.com/repos/php-fig/http-message/zipball/402d35bcb92c70c026d1a6a9883f06b2ead23d71",
                "reference": "402d35bcb92c70c026d1a6a9883f06b2ead23d71",
                "shasum": ""
            },
            "require": {
                "php": "^7.2 || ^8.0"
            },
            "type": "library",
            "extra": {
                "branch-alias": {
                    "dev-master": "2.0.x-dev"
                }
            },
            "autoload": {
                "psr-4": {
                    "Psr\\Http\\Message\\": "src/"
                }
            },
            "notification-url": "https://packagist.org/downloads/",
            "license": [
                "MIT"
            ],
            "authors": [
                {
                    "name": "PHP-FIG",
                    "homepage": "https://www.php-fig.org/"
                }
            ],
            "description": "Common interface for HTTP messages",
            "homepage": "https://github.com/php-fig/http-message",
            "keywords": [
                "http",
                "http-message",
                "psr",
                "psr-7",
                "request",
                "response"
            ],
            "support": {
                "source": "https://github.com/php-fig/http-message/tree/2.0"
            },
            "time": "2023-04-04T09:54:51+00:00"
        },
        {
            "name": "ralouphie/getallheaders",
            "version": "3.0.3",
            "source": {
                "type": "git",
                "url": "https://github.com/ralouphie/getallheaders.git",
                "reference": "120b605dfeb996808c31b6477290a714d356e822"
            },
            "dist": {
                "type": "zip",
                "url": "https://api.github.com/repos/ralouphie/getallheaders/zipball/120b605dfeb996808c31b6477290a714d356e822",
                "reference": "120b605dfeb996808c31b6477290a714d356e822",
                "shasum": ""
            },
            "require": {
                "php": ">=5.6"
            },
            "require-dev": {
                "php-coveralls/php-coveralls": "^2.1",
                "phpunit/phpunit": "^5 || ^6.5"
            },
            "type": "library",
            "autoload": {
                "files": [
                    "src/getallheaders.php"
                ]
            },
            "notification-url": "https://packagist.org/downloads/",
            "license": [
                "MIT"
            ],
            "authors": [
                {
                    "name": "Ralph Khattar",
                    "email": "ralph.khattar@gmail.com"
                }
            ],
            "description": "A polyfill for getallheaders.",
            "support": {
                "issues": "https://github.com/ralouphie/getallheaders/issues",
                "source": "https://github.com/ralouphie/getallheaders/tree/develop"
            },
            "time": "2019-03-08T08:55:37+00:00"
        },
        {
            "name": "symfony/deprecation-contracts",
            "version": "v3.5.0",
            "source": {
                "type": "git",
                "url": "https://github.com/symfony/deprecation-contracts.git",
                "reference": "0e0d29ce1f20deffb4ab1b016a7257c4f1e789a1"
            },
            "dist": {
                "type": "zip",
                "url": "https://api.github.com/repos/symfony/deprecation-contracts/zipball/0e0d29ce1f20deffb4ab1b016a7257c4f1e789a1",
                "reference": "0e0d29ce1f20deffb4ab1b016a7257c4f1e789a1",
                "shasum": ""
            },
            "require": {
                "php": ">=8.1"
            },
            "type": "library",
            "extra": {
                "branch-alias": {
                    "dev-main": "3.5-dev"
                },
                "thanks": {
                    "name": "symfony/contracts",
                    "url": "https://github.com/symfony/contracts"
                }
            },
            "autoload": {
                "files": [
                    "function.php"
                ]
            },
            "notification-url": "https://packagist.org/downloads/",
            "license": [
                "MIT"
            ],
            "authors": [
                {
                    "name": "Nicolas Grekas",
                    "email": "p@tchwork.com"
                },
                {
                    "name": "Symfony Community",
                    "homepage": "https://symfony.com/contributors"
                }
            ],
            "description": "A generic function and convention to trigger deprecation notices",
            "homepage": "https://symfony.com",
            "support": {
                "source": "https://github.com/symfony/deprecation-contracts/tree/v3.5.0"
            },
            "funding": [
                {
                    "url": "https://symfony.com/sponsor",
                    "type": "custom"
                },
                {
                    "url": "https://github.com/fabpot",
                    "type": "github"
                },
                {
                    "url": "https://tidelift.com/funding/github/packagist/symfony/symfony",
                    "type": "tidelift"
                }
            ],
            "time": "2024-04-18T09:32:20+00:00"
        }
    ],
    "packages-dev": [],
    "aliases": [],
    "minimum-stability": "dev",
    "stability-flags": {
        "phpnomad/di": 20,
        "phpnomad/loader": 20,
        "phpnomad/rest": 20
    },
    "prefer-stable": true,
    "prefer-lowest": false,
    "platform": {},
    "platform-dev": {},
    "plugin-api-version": "2.6.0"
}
